// !$*UTF8*$!
{
	archiveVersion = 1;
	classes = {
	};
	objectVersion = 46;
	objects = {

/* Begin PBXBuildFile section */
		8F4BCF851C21D503002674D1 /* main.m in Sources */ = {isa = PBXBuildFile; fileRef = 8F4BCF841C21D503002674D1 /* main.m */; };
		8F4BCF881C21D503002674D1 /* AppDelegate.m in Sources */ = {isa = PBXBuildFile; fileRef = 8F4BCF871C21D503002674D1 /* AppDelegate.m */; };
		8F4BCF8B1C21D503002674D1 /* ViewController.m in Sources */ = {isa = PBXBuildFile; fileRef = 8F4BCF8A1C21D503002674D1 /* ViewController.m */; };
		8F4BCF8E1C21D503002674D1 /* Main.storyboard in Resources */ = {isa = PBXBuildFile; fileRef = 8F4BCF8C1C21D503002674D1 /* Main.storyboard */; };
		8F4BCF901C21D503002674D1 /* Assets.xcassets in Resources */ = {isa = PBXBuildFile; fileRef = 8F4BCF8F1C21D503002674D1 /* Assets.xcassets */; };
		8F4BCF931C21D503002674D1 /* LaunchScreen.storyboard in Resources */ = {isa = PBXBuildFile; fileRef = 8F4BCF911C21D503002674D1 /* LaunchScreen.storyboard */; };
		8F4BCFB81C21DF81002674D1 /* BusinessTier.m in Sources */ = {isa = PBXBuildFile; fileRef = 8F4BCFB71C21DF81002674D1 /* BusinessTier.m */; };
		8F92C13F1C29CACC0091BF99 /* app_image.png in Resources */ = {isa = PBXBuildFile; fileRef = 8F92C13B1C29CACC0091BF99 /* app_image.png */; };
		8F92C1411C29CACC0091BF99 /* app_image@2x.png in Resources */ = {isa = PBXBuildFile; fileRef = 8F92C13D1C29CACC0091BF99 /* app_image@2x.png */; };
		8F92C1511C29CAE40091BF99 /* dollar_circle_1.png in Resources */ = {isa = PBXBuildFile; fileRef = 8F92C14C1C29CAE40091BF99 /* dollar_circle_1.png */; };
		8F92C1521C29CAE40091BF99 /* dollar_circle_2.png in Resources */ = {isa = PBXBuildFile; fileRef = 8F92C14D1C29CAE40091BF99 /* dollar_circle_2.png */; };
		8F92C1531C29CAE40091BF99 /* dollar_circle_3.png in Resources */ = {isa = PBXBuildFile; fileRef = 8F92C14E1C29CAE40091BF99 /* dollar_circle_3.png */; };
		8F92C1541C29CAE40091BF99 /* dollar_circle_4.png in Resources */ = {isa = PBXBuildFile; fileRef = 8F92C14F1C29CAE40091BF99 /* dollar_circle_4.png */; };
		8F92C15B1C29CAF20091BF99 /* star.png in Resources */ = {isa = PBXBuildFile; fileRef = 8F92C1581C29CAF20091BF99 /* star.png */; };
		8F92C1611C2B37BF0091BF99 /* libsqlite3.tbd in Frameworks */ = {isa = PBXBuildFile; fileRef = 8F92C1601C2B37BF0091BF99 /* libsqlite3.tbd */; };
		8F92C1D51C2B3AB20091BF99 /* app_image@3x.png in Resources */ = {isa = PBXBuildFile; fileRef = 8F92C1D41C2B3AB20091BF99 /* app_image@3x.png */; };
		8F92C1E81C2E5A260091BF99 /* DoubleTextFieldViewController.m in Sources */ = {isa = PBXBuildFile; fileRef = 8F92C1DC1C2E5A260091BF99 /* DoubleTextFieldViewController.m */; };
		8F92C1E91C2E5A260091BF99 /* PositionAndDepartmentResultsViewController.m in Sources */ = {isa = PBXBuildFile; fileRef = 8F92C1DE1C2E5A260091BF99 /* PositionAndDepartmentResultsViewController.m */; };
		8F92C1EA1C2E5A260091BF99 /* PositionViewController.m in Sources */ = {isa = PBXBuildFile; fileRef = 8F92C1E01C2E5A260091BF99 /* PositionViewController.m */; };
		8F92C1EB1C2E5A260091BF99 /* PrevNextSearchToolbarView.m in Sources */ = {isa = PBXBuildFile; fileRef = 8F92C1E21C2E5A260091BF99 /* PrevNextSearchToolbarView.m */; };
		8F92C1EC1C2E5A260091BF99 /* SingleTextFieldViewController.m in Sources */ = {isa = PBXBuildFile; fileRef = 8F92C1E41C2E5A260091BF99 /* SingleTextFieldViewController.m */; };
		8F92C1F91C2F1A9B0091BF99 /* SalaryAndDepartmentViewController.m in Sources */ = {isa = PBXBuildFile; fileRef = 8F92C1F11C2F1A9B0091BF99 /* SalaryAndDepartmentViewController.m */; };
		8F92C1FA1C2F1A9B0091BF99 /* SalaryAndPositionViewController.m in Sources */ = {isa = PBXBuildFile; fileRef = 8F92C1F31C2F1A9B0091BF99 /* SalaryAndPositionViewController.m */; };
		8F92C1FB1C2F1A9B0091BF99 /* TripleTextFieldViewController.m in Sources */ = {isa = PBXBuildFile; fileRef = 8F92C1F51C2F1A9B0091BF99 /* TripleTextFieldViewController.m */; };
		8F92C2081C2F25CA0091BF99 /* ChicagoEmployeeSalariesUITests.m in Sources */ = {isa = PBXBuildFile; fileRef = 8F92C2041C2F25CA0091BF99 /* ChicagoEmployeeSalariesUITests.m */; };
		8F92C2091C2F25CA0091BF99 /* SearchByDepartmentUITests.m in Sources */ = {isa = PBXBuildFile; fileRef = 8F92C2051C2F25CA0091BF99 /* SearchByDepartmentUITests.m */; };
		8F92C20A1C2F25CA0091BF99 /* SearchByNameUITests.m in Sources */ = {isa = PBXBuildFile; fileRef = 8F92C2061C2F25CA0091BF99 /* SearchByNameUITests.m */; };
		8F92C20B1C2F25CA0091BF99 /* SearchBySalaryUITests.m in Sources */ = {isa = PBXBuildFile; fileRef = 8F92C2071C2F25CA0091BF99 /* SearchBySalaryUITests.m */; };
		8FA0719C1C3070A70013EAA1 /* GetDepartmentsTests.m in Sources */ = {isa = PBXBuildFile; fileRef = 8FA071971C3070A70013EAA1 /* GetDepartmentsTests.m */; };
		8FA0719D1C3070A70013EAA1 /* SeachByNameTests.m in Sources */ = {isa = PBXBuildFile; fileRef = 8FA071981C3070A70013EAA1 /* SeachByNameTests.m */; };
		8FA0719E1C3070A70013EAA1 /* SearchByDepartmentTests.m in Sources */ = {isa = PBXBuildFile; fileRef = 8FA071991C3070A70013EAA1 /* SearchByDepartmentTests.m */; };
		8FA0719F1C3070A70013EAA1 /* SearchByPositionTests.m in Sources */ = {isa = PBXBuildFile; fileRef = 8FA0719A1C3070A70013EAA1 /* SearchByPositionTests.m */; };
		8FA071A01C3070A70013EAA1 /* SearchBySalaryTests.m in Sources */ = {isa = PBXBuildFile; fileRef = 8FA0719B1C3070A70013EAA1 /* SearchBySalaryTests.m */; };
		8FA071F61C32144E0013EAA1 /* libGoogleAnalytics.a in Frameworks */ = {isa = PBXBuildFile; fileRef = 8FA071EE1C32144E0013EAA1 /* libGoogleAnalytics.a */; };
		8FA071FD1C3214A80013EAA1 /* Podfile in Resources */ = {isa = PBXBuildFile; fileRef = 8FA071FC1C3214A80013EAA1 /* Podfile */; };
		8FA071FF1C3215AE0013EAA1 /* libPods-ChicagoEmployeeSalaries.a in Frameworks */ = {isa = PBXBuildFile; fileRef = 8FA071FB1C32144E0013EAA1 /* libPods-ChicagoEmployeeSalaries.a */; };
		8FA072011C3216190013EAA1 /* CoreData.framework in Frameworks */ = {isa = PBXBuildFile; fileRef = 9DE843421C310371001FC6DD /* CoreData.framework */; };
		8FA072031C3216250013EAA1 /* SystemConfiguration.framework in Frameworks */ = {isa = PBXBuildFile; fileRef = 9DE843441C310393001FC6DD /* SystemConfiguration.framework */; };
		8FA072041C3216B80013EAA1 /* libz.tbd in Frameworks */ = {isa = PBXBuildFile; fileRef = 9DE843461C3103AE001FC6DD /* libz.tbd */; };
		9D1ABE031C276074009F0013 /* DepartmentViewController.m in Sources */ = {isa = PBXBuildFile; fileRef = 9D1ABE021C276074009F0013 /* DepartmentViewController.m */; };
		9D1ABE061C276B2A009F0013 /* UIView+FormScroll.m in Sources */ = {isa = PBXBuildFile; fileRef = 9D1ABE051C276B2A009F0013 /* UIView+FormScroll.m */; };
		9D1ABE091C27B215009F0013 /* NameViewController.m in Sources */ = {isa = PBXBuildFile; fileRef = 9D1ABE081C27B215009F0013 /* NameViewController.m */; };
		9D1ABE0C1C27C098009F0013 /* NameAndDepartmentViewController.m in Sources */ = {isa = PBXBuildFile; fileRef = 9D1ABE0B1C27C098009F0013 /* NameAndDepartmentViewController.m */; };
		9D1ABE0F1C27C92F009F0013 /* SalaryViewController.m in Sources */ = {isa = PBXBuildFile; fileRef = 9D1ABE0E1C27C92F009F0013 /* SalaryViewController.m */; };
		9D48C3D81C21E219002F9036 /* DataTier.m in Sources */ = {isa = PBXBuildFile; fileRef = 9D48C3D71C21E219002F9036 /* DataTier.m */; };
		9D9009ED1C343060005C9806 /* app_image_old@2x.png in Resources */ = {isa = PBXBuildFile; fileRef = 9D9009E81C343060005C9806 /* app_image_old@2x.png */; };
		9D9009EE1C343060005C9806 /* app_image_settings@2x.png in Resources */ = {isa = PBXBuildFile; fileRef = 9D9009E91C343060005C9806 /* app_image_settings@2x.png */; };
		9D9009EF1C343060005C9806 /* app_image_settings@3x.png in Resources */ = {isa = PBXBuildFile; fileRef = 9D9009EA1C343060005C9806 /* app_image_settings@3x.png */; };
		9D9009F01C343060005C9806 /* app_image_spotlight@2x.png in Resources */ = {isa = PBXBuildFile; fileRef = 9D9009EB1C343060005C9806 /* app_image_spotlight@2x.png */; };
		9D9009F11C343060005C9806 /* app_image_spotlight@3x.png in Resources */ = {isa = PBXBuildFile; fileRef = 9D9009EC1C343060005C9806 /* app_image_spotlight@3x.png */; };
		9D9009F51C3431B8005C9806 /* GoogleAnalytics.m in Sources */ = {isa = PBXBuildFile; fileRef = 9D9009F41C3431B8005C9806 /* GoogleAnalytics.m */; };
		9D9009F71C35AD3F005C9806 /* chicago_employee_salaries_2015_db.sql in Resources */ = {isa = PBXBuildFile; fileRef = 9D9009F61C35AD3F005C9806 /* chicago_employee_salaries_2015_db.sql */; };
		9DA07C421C2700AE0045B1ED /* EmployeeTableViewController.m in Sources */ = {isa = PBXBuildFile; fileRef = 9DA07C411C2700AE0045B1ED /* EmployeeTableViewController.m */; };
		9DC521AB1C250BFC0006E507 /* EmployeesTableViewController.m in Sources */ = {isa = PBXBuildFile; fileRef = 9DC521AA1C250BFC0006E507 /* EmployeesTableViewController.m */; };
		9DC521B31C25FD350006E507 /* back_large.png in Resources */ = {isa = PBXBuildFile; fileRef = 9DC521AF1C25FD350006E507 /* back_large.png */; };
		9DC521B41C25FD350006E507 /* back_small.png in Resources */ = {isa = PBXBuildFile; fileRef = 9DC521B01C25FD350006E507 /* back_small.png */; };
		9DC521B51C25FD350006E507 /* next_large.png in Resources */ = {isa = PBXBuildFile; fileRef = 9DC521B11C25FD350006E507 /* next_large.png */; };
		9DC521B61C25FD350006E507 /* next_small.png in Resources */ = {isa = PBXBuildFile; fileRef = 9DC521B21C25FD350006E507 /* next_small.png */; };
		9DC521B91C2620730006E507 /* EmployeeObject.m in Sources */ = {isa = PBXBuildFile; fileRef = 9DC521B81C2620730006E507 /* EmployeeObject.m */; };
		9DE8434B1C31093F001FC6DD /* GoogleService-Info.plist in Resources */ = {isa = PBXBuildFile; fileRef = 9DE8434A1C31093F001FC6DD /* GoogleService-Info.plist */; };
		D6A4A89B62C722F7F8BEC723 /* libPods-ChicagoEmployeeSalaries.a in Frameworks */ = {isa = PBXBuildFile; fileRef = 499D52E3478E544B198904E8 /* libPods-ChicagoEmployeeSalaries.a */; };
/* End PBXBuildFile section */

/* Begin PBXContainerItemProxy section */
		8F4BCF9A1C21D503002674D1 /* PBXContainerItemProxy */ = {
			isa = PBXContainerItemProxy;
			containerPortal = 8F4BCF781C21D503002674D1 /* Project object */;
			proxyType = 1;
			remoteGlobalIDString = 8F4BCF7F1C21D503002674D1;
			remoteInfo = ChicagoEmployeeSalaries;
		};
		8F4BCFA51C21D503002674D1 /* PBXContainerItemProxy */ = {
			isa = PBXContainerItemProxy;
			containerPortal = 8F4BCF781C21D503002674D1 /* Project object */;
			proxyType = 1;
			remoteGlobalIDString = 8F4BCF7F1C21D503002674D1;
			remoteInfo = ChicagoEmployeeSalaries;
		};
		8FA071FA1C32144E0013EAA1 /* PBXContainerItemProxy */ = {
			isa = PBXContainerItemProxy;
			containerPortal = 8FA071EF1C32144E0013EAA1 /* Pods.xcodeproj */;
			proxyType = 2;
			remoteGlobalIDString = E9973D6BAF7E5C1946580612D6E86CF9;
			remoteInfo = "Pods-ChicagoEmployeeSalaries";
		};
/* End PBXContainerItemProxy section */

/* Begin PBXFileReference section */
		1386F43DB425DCCB6748C4D6 /* Pods-ChicagoEmployeeSalaries.release.xcconfig */ = {isa = PBXFileReference; includeInIndex = 1; lastKnownFileType = text.xcconfig; name = "Pods-ChicagoEmployeeSalaries.release.xcconfig"; path = "Pods/Target Support Files/Pods-ChicagoEmployeeSalaries/Pods-ChicagoEmployeeSalaries.release.xcconfig"; sourceTree = "<group>"; };
		499D52E3478E544B198904E8 /* libPods-ChicagoEmployeeSalaries.a */ = {isa = PBXFileReference; explicitFileType = archive.ar; includeInIndex = 0; path = "libPods-ChicagoEmployeeSalaries.a"; sourceTree = BUILT_PRODUCTS_DIR; };
		8F4BCF801C21D503002674D1 /* ChicagoEmployeeSalaries.app */ = {isa = PBXFileReference; explicitFileType = wrapper.application; includeInIndex = 0; path = ChicagoEmployeeSalaries.app; sourceTree = BUILT_PRODUCTS_DIR; };
		8F4BCF841C21D503002674D1 /* main.m */ = {isa = PBXFileReference; lastKnownFileType = sourcecode.c.objc; path = main.m; sourceTree = "<group>"; };
		8F4BCF861C21D503002674D1 /* AppDelegate.h */ = {isa = PBXFileReference; lastKnownFileType = sourcecode.c.h; path = AppDelegate.h; sourceTree = "<group>"; };
		8F4BCF871C21D503002674D1 /* AppDelegate.m */ = {isa = PBXFileReference; lastKnownFileType = sourcecode.c.objc; path = AppDelegate.m; sourceTree = "<group>"; };
		8F4BCF891C21D503002674D1 /* ViewController.h */ = {isa = PBXFileReference; lastKnownFileType = sourcecode.c.h; path = ViewController.h; sourceTree = "<group>"; };
		8F4BCF8A1C21D503002674D1 /* ViewController.m */ = {isa = PBXFileReference; lastKnownFileType = sourcecode.c.objc; path = ViewController.m; sourceTree = "<group>"; };
		8F4BCF8D1C21D503002674D1 /* Base */ = {isa = PBXFileReference; lastKnownFileType = file.storyboard; name = Base; path = Base.lproj/Main.storyboard; sourceTree = "<group>"; };
		8F4BCF8F1C21D503002674D1 /* Assets.xcassets */ = {isa = PBXFileReference; lastKnownFileType = folder.assetcatalog; path = Assets.xcassets; sourceTree = "<group>"; };
		8F4BCF921C21D503002674D1 /* Base */ = {isa = PBXFileReference; lastKnownFileType = file.storyboard; name = Base; path = Base.lproj/LaunchScreen.storyboard; sourceTree = "<group>"; };
		8F4BCF941C21D503002674D1 /* Info.plist */ = {isa = PBXFileReference; lastKnownFileType = text.plist.xml; path = Info.plist; sourceTree = "<group>"; };
		8F4BCF991C21D503002674D1 /* ChicagoEmployeeSalariesTests.xctest */ = {isa = PBXFileReference; explicitFileType = wrapper.cfbundle; includeInIndex = 0; path = ChicagoEmployeeSalariesTests.xctest; sourceTree = BUILT_PRODUCTS_DIR; };
		8F4BCF9F1C21D503002674D1 /* Info.plist */ = {isa = PBXFileReference; lastKnownFileType = text.plist.xml; path = Info.plist; sourceTree = "<group>"; };
		8F4BCFA41C21D503002674D1 /* ChicagoEmployeeSalariesUITests.xctest */ = {isa = PBXFileReference; explicitFileType = wrapper.cfbundle; includeInIndex = 0; path = ChicagoEmployeeSalariesUITests.xctest; sourceTree = BUILT_PRODUCTS_DIR; };
		8F4BCFAA1C21D503002674D1 /* Info.plist */ = {isa = PBXFileReference; lastKnownFileType = text.plist.xml; path = Info.plist; sourceTree = "<group>"; };
		8F4BCFB61C21DF81002674D1 /* BusinessTier.h */ = {isa = PBXFileReference; fileEncoding = 4; lastKnownFileType = sourcecode.c.h; path = BusinessTier.h; sourceTree = "<group>"; };
		8F4BCFB71C21DF81002674D1 /* BusinessTier.m */ = {isa = PBXFileReference; fileEncoding = 4; lastKnownFileType = sourcecode.c.objc; path = BusinessTier.m; sourceTree = "<group>"; };
		8F92C13B1C29CACC0091BF99 /* app_image.png */ = {isa = PBXFileReference; lastKnownFileType = image.png; path = app_image.png; sourceTree = "<group>"; };
		8F92C13D1C29CACC0091BF99 /* app_image@2x.png */ = {isa = PBXFileReference; lastKnownFileType = image.png; path = "app_image@2x.png"; sourceTree = "<group>"; };
		8F92C14C1C29CAE40091BF99 /* dollar_circle_1.png */ = {isa = PBXFileReference; lastKnownFileType = image.png; path = dollar_circle_1.png; sourceTree = "<group>"; };
		8F92C14D1C29CAE40091BF99 /* dollar_circle_2.png */ = {isa = PBXFileReference; lastKnownFileType = image.png; path = dollar_circle_2.png; sourceTree = "<group>"; };
		8F92C14E1C29CAE40091BF99 /* dollar_circle_3.png */ = {isa = PBXFileReference; lastKnownFileType = image.png; path = dollar_circle_3.png; sourceTree = "<group>"; };
		8F92C14F1C29CAE40091BF99 /* dollar_circle_4.png */ = {isa = PBXFileReference; lastKnownFileType = image.png; path = dollar_circle_4.png; sourceTree = "<group>"; };
		8F92C1581C29CAF20091BF99 /* star.png */ = {isa = PBXFileReference; lastKnownFileType = image.png; path = star.png; sourceTree = "<group>"; };
		8F92C1601C2B37BF0091BF99 /* libsqlite3.tbd */ = {isa = PBXFileReference; lastKnownFileType = "sourcecode.text-based-dylib-definition"; name = libsqlite3.tbd; path = usr/lib/libsqlite3.tbd; sourceTree = SDKROOT; };
		8F92C1BF1C2B399F0091BF99 /* DataTier.h */ = {isa = PBXFileReference; fileEncoding = 4; lastKnownFileType = sourcecode.c.h; path = DataTier.h; sourceTree = "<group>"; };
		8F92C1D41C2B3AB20091BF99 /* app_image@3x.png */ = {isa = PBXFileReference; lastKnownFileType = image.png; path = "app_image@3x.png"; sourceTree = "<group>"; };
		8F92C1DB1C2E5A260091BF99 /* DoubleTextFieldViewController.h */ = {isa = PBXFileReference; fileEncoding = 4; lastKnownFileType = sourcecode.c.h; path = DoubleTextFieldViewController.h; sourceTree = "<group>"; };
		8F92C1DC1C2E5A260091BF99 /* DoubleTextFieldViewController.m */ = {isa = PBXFileReference; fileEncoding = 4; lastKnownFileType = sourcecode.c.objc; path = DoubleTextFieldViewController.m; sourceTree = "<group>"; };
		8F92C1DD1C2E5A260091BF99 /* PositionAndDepartmentResultsViewController.h */ = {isa = PBXFileReference; fileEncoding = 4; lastKnownFileType = sourcecode.c.h; path = PositionAndDepartmentResultsViewController.h; sourceTree = "<group>"; };
		8F92C1DE1C2E5A260091BF99 /* PositionAndDepartmentResultsViewController.m */ = {isa = PBXFileReference; fileEncoding = 4; lastKnownFileType = sourcecode.c.objc; path = PositionAndDepartmentResultsViewController.m; sourceTree = "<group>"; };
		8F92C1DF1C2E5A260091BF99 /* PositionViewController.h */ = {isa = PBXFileReference; fileEncoding = 4; lastKnownFileType = sourcecode.c.h; path = PositionViewController.h; sourceTree = "<group>"; };
		8F92C1E01C2E5A260091BF99 /* PositionViewController.m */ = {isa = PBXFileReference; fileEncoding = 4; lastKnownFileType = sourcecode.c.objc; path = PositionViewController.m; sourceTree = "<group>"; };
		8F92C1E11C2E5A260091BF99 /* PrevNextSearchToolbarView.h */ = {isa = PBXFileReference; fileEncoding = 4; lastKnownFileType = sourcecode.c.h; path = PrevNextSearchToolbarView.h; sourceTree = "<group>"; };
		8F92C1E21C2E5A260091BF99 /* PrevNextSearchToolbarView.m */ = {isa = PBXFileReference; fileEncoding = 4; lastKnownFileType = sourcecode.c.objc; path = PrevNextSearchToolbarView.m; sourceTree = "<group>"; };
		8F92C1E31C2E5A260091BF99 /* SingleTextFieldViewController.h */ = {isa = PBXFileReference; fileEncoding = 4; lastKnownFileType = sourcecode.c.h; path = SingleTextFieldViewController.h; sourceTree = "<group>"; };
		8F92C1E41C2E5A260091BF99 /* SingleTextFieldViewController.m */ = {isa = PBXFileReference; fileEncoding = 4; lastKnownFileType = sourcecode.c.objc; path = SingleTextFieldViewController.m; sourceTree = "<group>"; };
		8F92C1F01C2F1A9B0091BF99 /* SalaryAndDepartmentViewController.h */ = {isa = PBXFileReference; fileEncoding = 4; lastKnownFileType = sourcecode.c.h; path = SalaryAndDepartmentViewController.h; sourceTree = "<group>"; };
		8F92C1F11C2F1A9B0091BF99 /* SalaryAndDepartmentViewController.m */ = {isa = PBXFileReference; fileEncoding = 4; lastKnownFileType = sourcecode.c.objc; path = SalaryAndDepartmentViewController.m; sourceTree = "<group>"; };
		8F92C1F21C2F1A9B0091BF99 /* SalaryAndPositionViewController.h */ = {isa = PBXFileReference; fileEncoding = 4; lastKnownFileType = sourcecode.c.h; path = SalaryAndPositionViewController.h; sourceTree = "<group>"; };
		8F92C1F31C2F1A9B0091BF99 /* SalaryAndPositionViewController.m */ = {isa = PBXFileReference; fileEncoding = 4; lastKnownFileType = sourcecode.c.objc; path = SalaryAndPositionViewController.m; sourceTree = "<group>"; };
		8F92C1F41C2F1A9B0091BF99 /* TripleTextFieldViewController.h */ = {isa = PBXFileReference; fileEncoding = 4; lastKnownFileType = sourcecode.c.h; path = TripleTextFieldViewController.h; sourceTree = "<group>"; };
		8F92C1F51C2F1A9B0091BF99 /* TripleTextFieldViewController.m */ = {isa = PBXFileReference; fileEncoding = 4; lastKnownFileType = sourcecode.c.objc; path = TripleTextFieldViewController.m; sourceTree = "<group>"; };
		8F92C2041C2F25CA0091BF99 /* ChicagoEmployeeSalariesUITests.m */ = {isa = PBXFileReference; fileEncoding = 4; lastKnownFileType = sourcecode.c.objc; path = ChicagoEmployeeSalariesUITests.m; sourceTree = "<group>"; };
		8F92C2051C2F25CA0091BF99 /* SearchByDepartmentUITests.m */ = {isa = PBXFileReference; fileEncoding = 4; lastKnownFileType = sourcecode.c.objc; path = SearchByDepartmentUITests.m; sourceTree = "<group>"; };
		8F92C2061C2F25CA0091BF99 /* SearchByNameUITests.m */ = {isa = PBXFileReference; fileEncoding = 4; lastKnownFileType = sourcecode.c.objc; path = SearchByNameUITests.m; sourceTree = "<group>"; };
		8F92C2071C2F25CA0091BF99 /* SearchBySalaryUITests.m */ = {isa = PBXFileReference; fileEncoding = 4; lastKnownFileType = sourcecode.c.objc; path = SearchBySalaryUITests.m; sourceTree = "<group>"; };
		8FA071971C3070A70013EAA1 /* GetDepartmentsTests.m */ = {isa = PBXFileReference; fileEncoding = 4; lastKnownFileType = sourcecode.c.objc; path = GetDepartmentsTests.m; sourceTree = "<group>"; };
		8FA071981C3070A70013EAA1 /* SeachByNameTests.m */ = {isa = PBXFileReference; fileEncoding = 4; lastKnownFileType = sourcecode.c.objc; path = SeachByNameTests.m; sourceTree = "<group>"; };
		8FA071991C3070A70013EAA1 /* SearchByDepartmentTests.m */ = {isa = PBXFileReference; fileEncoding = 4; lastKnownFileType = sourcecode.c.objc; path = SearchByDepartmentTests.m; sourceTree = "<group>"; };
		8FA0719A1C3070A70013EAA1 /* SearchByPositionTests.m */ = {isa = PBXFileReference; fileEncoding = 4; lastKnownFileType = sourcecode.c.objc; path = SearchByPositionTests.m; sourceTree = "<group>"; };
		8FA0719B1C3070A70013EAA1 /* SearchBySalaryTests.m */ = {isa = PBXFileReference; fileEncoding = 4; lastKnownFileType = sourcecode.c.objc; path = SearchBySalaryTests.m; sourceTree = "<group>"; };
		8FA071E31C32144E0013EAA1 /* GAI.h */ = {isa = PBXFileReference; fileEncoding = 4; lastKnownFileType = sourcecode.c.h; path = GAI.h; sourceTree = "<group>"; };
		8FA071E41C32144E0013EAA1 /* GAIDictionaryBuilder.h */ = {isa = PBXFileReference; fileEncoding = 4; lastKnownFileType = sourcecode.c.h; path = GAIDictionaryBuilder.h; sourceTree = "<group>"; };
		8FA071E51C32144E0013EAA1 /* GAIEcommerceFields.h */ = {isa = PBXFileReference; fileEncoding = 4; lastKnownFileType = sourcecode.c.h; path = GAIEcommerceFields.h; sourceTree = "<group>"; };
		8FA071E61C32144E0013EAA1 /* GAIEcommerceProduct.h */ = {isa = PBXFileReference; fileEncoding = 4; lastKnownFileType = sourcecode.c.h; path = GAIEcommerceProduct.h; sourceTree = "<group>"; };
		8FA071E71C32144E0013EAA1 /* GAIEcommerceProductAction.h */ = {isa = PBXFileReference; fileEncoding = 4; lastKnownFileType = sourcecode.c.h; path = GAIEcommerceProductAction.h; sourceTree = "<group>"; };
		8FA071E81C32144E0013EAA1 /* GAIEcommercePromotion.h */ = {isa = PBXFileReference; fileEncoding = 4; lastKnownFileType = sourcecode.c.h; path = GAIEcommercePromotion.h; sourceTree = "<group>"; };
		8FA071E91C32144E0013EAA1 /* GAIFields.h */ = {isa = PBXFileReference; fileEncoding = 4; lastKnownFileType = sourcecode.c.h; path = GAIFields.h; sourceTree = "<group>"; };
		8FA071EA1C32144E0013EAA1 /* GAILogger.h */ = {isa = PBXFileReference; fileEncoding = 4; lastKnownFileType = sourcecode.c.h; path = GAILogger.h; sourceTree = "<group>"; };
		8FA071EB1C32144E0013EAA1 /* GAITrackedViewController.h */ = {isa = PBXFileReference; fileEncoding = 4; lastKnownFileType = sourcecode.c.h; path = GAITrackedViewController.h; sourceTree = "<group>"; };
		8FA071EC1C32144E0013EAA1 /* GAITracker.h */ = {isa = PBXFileReference; fileEncoding = 4; lastKnownFileType = sourcecode.c.h; path = GAITracker.h; sourceTree = "<group>"; };
		8FA071EE1C32144E0013EAA1 /* libGoogleAnalytics.a */ = {isa = PBXFileReference; lastKnownFileType = archive.ar; path = libGoogleAnalytics.a; sourceTree = "<group>"; };
		8FA071EF1C32144E0013EAA1 /* Pods.xcodeproj */ = {isa = PBXFileReference; lastKnownFileType = "wrapper.pb-project"; name = Pods.xcodeproj; path = Pods/Pods.xcodeproj; sourceTree = "<group>"; };
		8FA071F41C32144E0013EAA1 /* Pods-ChicagoEmployeeSalaries.debug.xcconfig */ = {isa = PBXFileReference; fileEncoding = 4; lastKnownFileType = text.xcconfig; path = "Pods-ChicagoEmployeeSalaries.debug.xcconfig"; sourceTree = "<group>"; };
		8FA071F51C32144E0013EAA1 /* Pods-ChicagoEmployeeSalaries.release.xcconfig */ = {isa = PBXFileReference; fileEncoding = 4; lastKnownFileType = text.xcconfig; path = "Pods-ChicagoEmployeeSalaries.release.xcconfig"; sourceTree = "<group>"; };
		8FA071FC1C3214A80013EAA1 /* Podfile */ = {isa = PBXFileReference; fileEncoding = 4; lastKnownFileType = text; path = Podfile; sourceTree = "<group>"; };
		9D1ABE011C276074009F0013 /* DepartmentViewController.h */ = {isa = PBXFileReference; fileEncoding = 4; lastKnownFileType = sourcecode.c.h; path = DepartmentViewController.h; sourceTree = "<group>"; };
		9D1ABE021C276074009F0013 /* DepartmentViewController.m */ = {isa = PBXFileReference; fileEncoding = 4; lastKnownFileType = sourcecode.c.objc; path = DepartmentViewController.m; sourceTree = "<group>"; };
		9D1ABE041C276B2A009F0013 /* UIView+FormScroll.h */ = {isa = PBXFileReference; fileEncoding = 4; lastKnownFileType = sourcecode.c.h; path = "UIView+FormScroll.h"; sourceTree = "<group>"; };
		9D1ABE051C276B2A009F0013 /* UIView+FormScroll.m */ = {isa = PBXFileReference; fileEncoding = 4; lastKnownFileType = sourcecode.c.objc; path = "UIView+FormScroll.m"; sourceTree = "<group>"; };
		9D1ABE071C27B215009F0013 /* NameViewController.h */ = {isa = PBXFileReference; fileEncoding = 4; lastKnownFileType = sourcecode.c.h; path = NameViewController.h; sourceTree = "<group>"; };
		9D1ABE081C27B215009F0013 /* NameViewController.m */ = {isa = PBXFileReference; fileEncoding = 4; lastKnownFileType = sourcecode.c.objc; path = NameViewController.m; sourceTree = "<group>"; };
		9D1ABE0A1C27C098009F0013 /* NameAndDepartmentViewController.h */ = {isa = PBXFileReference; fileEncoding = 4; lastKnownFileType = sourcecode.c.h; path = NameAndDepartmentViewController.h; sourceTree = "<group>"; };
		9D1ABE0B1C27C098009F0013 /* NameAndDepartmentViewController.m */ = {isa = PBXFileReference; fileEncoding = 4; lastKnownFileType = sourcecode.c.objc; path = NameAndDepartmentViewController.m; sourceTree = "<group>"; };
		9D1ABE0D1C27C92F009F0013 /* SalaryViewController.h */ = {isa = PBXFileReference; fileEncoding = 4; lastKnownFileType = sourcecode.c.h; path = SalaryViewController.h; sourceTree = "<group>"; };
		9D1ABE0E1C27C92F009F0013 /* SalaryViewController.m */ = {isa = PBXFileReference; fileEncoding = 4; lastKnownFileType = sourcecode.c.objc; path = SalaryViewController.m; sourceTree = "<group>"; };
		9D48C3D71C21E219002F9036 /* DataTier.m */ = {isa = PBXFileReference; fileEncoding = 4; lastKnownFileType = sourcecode.c.objc; path = DataTier.m; sourceTree = "<group>"; };
		9D6452E11C3113F500040DC9 /* GoogleAnalytics.h */ = {isa = PBXFileReference; lastKnownFileType = sourcecode.c.h; path = GoogleAnalytics.h; sourceTree = "<group>"; };
		9D9009E81C343060005C9806 /* app_image_old@2x.png */ = {isa = PBXFileReference; lastKnownFileType = image.png; path = "app_image_old@2x.png"; sourceTree = "<group>"; };
		9D9009E91C343060005C9806 /* app_image_settings@2x.png */ = {isa = PBXFileReference; lastKnownFileType = image.png; path = "app_image_settings@2x.png"; sourceTree = "<group>"; };
		9D9009EA1C343060005C9806 /* app_image_settings@3x.png */ = {isa = PBXFileReference; lastKnownFileType = image.png; path = "app_image_settings@3x.png"; sourceTree = "<group>"; };
		9D9009EB1C343060005C9806 /* app_image_spotlight@2x.png */ = {isa = PBXFileReference; lastKnownFileType = image.png; path = "app_image_spotlight@2x.png"; sourceTree = "<group>"; };
		9D9009EC1C343060005C9806 /* app_image_spotlight@3x.png */ = {isa = PBXFileReference; lastKnownFileType = image.png; path = "app_image_spotlight@3x.png"; sourceTree = "<group>"; };
		9D9009F41C3431B8005C9806 /* GoogleAnalytics.m */ = {isa = PBXFileReference; fileEncoding = 4; lastKnownFileType = sourcecode.c.objc; path = GoogleAnalytics.m; sourceTree = "<group>"; };
		9D9009F61C35AD3F005C9806 /* chicago_employee_salaries_2015_db.sql */ = {isa = PBXFileReference; lastKnownFileType = file; path = chicago_employee_salaries_2015_db.sql; sourceTree = "<group>"; };
		9DA07C401C2700AE0045B1ED /* EmployeeTableViewController.h */ = {isa = PBXFileReference; fileEncoding = 4; lastKnownFileType = sourcecode.c.h; path = EmployeeTableViewController.h; sourceTree = "<group>"; };
		9DA07C411C2700AE0045B1ED /* EmployeeTableViewController.m */ = {isa = PBXFileReference; fileEncoding = 4; lastKnownFileType = sourcecode.c.objc; path = EmployeeTableViewController.m; sourceTree = "<group>"; };
		9DC521A91C250BFC0006E507 /* EmployeesTableViewController.h */ = {isa = PBXFileReference; fileEncoding = 4; lastKnownFileType = sourcecode.c.h; path = EmployeesTableViewController.h; sourceTree = "<group>"; };
		9DC521AA1C250BFC0006E507 /* EmployeesTableViewController.m */ = {isa = PBXFileReference; fileEncoding = 4; lastKnownFileType = sourcecode.c.objc; path = EmployeesTableViewController.m; sourceTree = "<group>"; };
		9DC521AF1C25FD350006E507 /* back_large.png */ = {isa = PBXFileReference; lastKnownFileType = image.png; path = back_large.png; sourceTree = "<group>"; };
		9DC521B01C25FD350006E507 /* back_small.png */ = {isa = PBXFileReference; lastKnownFileType = image.png; path = back_small.png; sourceTree = "<group>"; };
		9DC521B11C25FD350006E507 /* next_large.png */ = {isa = PBXFileReference; lastKnownFileType = image.png; path = next_large.png; sourceTree = "<group>"; };
		9DC521B21C25FD350006E507 /* next_small.png */ = {isa = PBXFileReference; lastKnownFileType = image.png; path = next_small.png; sourceTree = "<group>"; };
		9DC521B71C2620730006E507 /* EmployeeObject.h */ = {isa = PBXFileReference; fileEncoding = 4; lastKnownFileType = sourcecode.c.h; path = EmployeeObject.h; sourceTree = "<group>"; };
		9DC521B81C2620730006E507 /* EmployeeObject.m */ = {isa = PBXFileReference; fileEncoding = 4; lastKnownFileType = sourcecode.c.objc; path = EmployeeObject.m; sourceTree = "<group>"; };
		9DC521BA1C2620E90006E507 /* BusinessTierRules.h */ = {isa = PBXFileReference; fileEncoding = 4; lastKnownFileType = sourcecode.c.h; path = BusinessTierRules.h; sourceTree = "<group>"; };
		9DE843421C310371001FC6DD /* CoreData.framework */ = {isa = PBXFileReference; lastKnownFileType = wrapper.framework; name = CoreData.framework; path = System/Library/Frameworks/CoreData.framework; sourceTree = SDKROOT; };
		9DE843441C310393001FC6DD /* SystemConfiguration.framework */ = {isa = PBXFileReference; lastKnownFileType = wrapper.framework; name = SystemConfiguration.framework; path = System/Library/Frameworks/SystemConfiguration.framework; sourceTree = SDKROOT; };
		9DE843461C3103AE001FC6DD /* libz.tbd */ = {isa = PBXFileReference; lastKnownFileType = "sourcecode.text-based-dylib-definition"; name = libz.tbd; path = usr/lib/libz.tbd; sourceTree = SDKROOT; };
		9DE8434A1C31093F001FC6DD /* GoogleService-Info.plist */ = {isa = PBXFileReference; fileEncoding = 4; lastKnownFileType = text.plist.xml; path = "GoogleService-Info.plist"; sourceTree = SOURCE_ROOT; };
		E766C22F12EBAB2F1C01F3EB /* Pods-ChicagoEmployeeSalaries.debug.xcconfig */ = {isa = PBXFileReference; includeInIndex = 1; lastKnownFileType = text.xcconfig; name = "Pods-ChicagoEmployeeSalaries.debug.xcconfig"; path = "Pods/Target Support Files/Pods-ChicagoEmployeeSalaries/Pods-ChicagoEmployeeSalaries.debug.xcconfig"; sourceTree = "<group>"; };
/* End PBXFileReference section */

/* Begin PBXFrameworksBuildPhase section */
		8F4BCF7D1C21D503002674D1 /* Frameworks */ = {
			isa = PBXFrameworksBuildPhase;
			buildActionMask = 2147483647;
			files = (
				8FA072041C3216B80013EAA1 /* libz.tbd in Frameworks */,
				8FA072031C3216250013EAA1 /* SystemConfiguration.framework in Frameworks */,
				8FA072011C3216190013EAA1 /* CoreData.framework in Frameworks */,
				8FA071FF1C3215AE0013EAA1 /* libPods-ChicagoEmployeeSalaries.a in Frameworks */,
				8F92C1611C2B37BF0091BF99 /* libsqlite3.tbd in Frameworks */,
				8FA071F61C32144E0013EAA1 /* libGoogleAnalytics.a in Frameworks */,
				D6A4A89B62C722F7F8BEC723 /* libPods-ChicagoEmployeeSalaries.a in Frameworks */,
			);
			runOnlyForDeploymentPostprocessing = 0;
		};
		8F4BCF961C21D503002674D1 /* Frameworks */ = {
			isa = PBXFrameworksBuildPhase;
			buildActionMask = 2147483647;
			files = (
			);
			runOnlyForDeploymentPostprocessing = 0;
		};
		8F4BCFA11C21D503002674D1 /* Frameworks */ = {
			isa = PBXFrameworksBuildPhase;
			buildActionMask = 2147483647;
			files = (
			);
			runOnlyForDeploymentPostprocessing = 0;
		};
/* End PBXFrameworksBuildPhase section */

/* Begin PBXGroup section */
		46701FC91DFE20EBE5E4FCAA /* Pods */ = {
			isa = PBXGroup;
			children = (
				8FA071FC1C3214A80013EAA1 /* Podfile */,
				8FA071E01C32144E0013EAA1 /* GoogleAnalytics */,
				8FA071EF1C32144E0013EAA1 /* Pods.xcodeproj */,
				8FA071F21C32144E0013EAA1 /* Target Support Files */,
				E766C22F12EBAB2F1C01F3EB /* Pods-ChicagoEmployeeSalaries.debug.xcconfig */,
				1386F43DB425DCCB6748C4D6 /* Pods-ChicagoEmployeeSalaries.release.xcconfig */,
			);
			name = Pods;
			sourceTree = "<group>";
		};
		8F4BCF771C21D503002674D1 = {
			isa = PBXGroup;
			children = (
				8F92C1601C2B37BF0091BF99 /* libsqlite3.tbd */,
				8F4BCF821C21D503002674D1 /* ChicagoEmployeeSalaries */,
				8F4BCF9C1C21D503002674D1 /* ChicagoEmployeeSalariesTests */,
				8F4BCFA71C21D503002674D1 /* ChicagoEmployeeSalariesUITests */,
				8F4BCF811C21D503002674D1 /* Products */,
				46701FC91DFE20EBE5E4FCAA /* Pods */,
				D975E14BAD651ACE7045DB8D /* Frameworks */,
			);
			sourceTree = "<group>";
		};
		8F4BCF811C21D503002674D1 /* Products */ = {
			isa = PBXGroup;
			children = (
				8F4BCF801C21D503002674D1 /* ChicagoEmployeeSalaries.app */,
				8F4BCF991C21D503002674D1 /* ChicagoEmployeeSalariesTests.xctest */,
				8F4BCFA41C21D503002674D1 /* ChicagoEmployeeSalariesUITests.xctest */,
			);
			name = Products;
			sourceTree = "<group>";
		};
		8F4BCF821C21D503002674D1 /* ChicagoEmployeeSalaries */ = {
			isa = PBXGroup;
			children = (
				9D9009F41C3431B8005C9806 /* GoogleAnalytics.m */,
				9D6452E11C3113F500040DC9 /* GoogleAnalytics.h */,
				9DE8434A1C31093F001FC6DD /* GoogleService-Info.plist */,
				8F4BCF861C21D503002674D1 /* AppDelegate.h */,
				8F4BCF871C21D503002674D1 /* AppDelegate.m */,
				9DC521BA1C2620E90006E507 /* BusinessTierRules.h */,
				8F4BCFB61C21DF81002674D1 /* BusinessTier.h */,
				8F4BCFB71C21DF81002674D1 /* BusinessTier.m */,
				9DC521B71C2620730006E507 /* EmployeeObject.h */,
				9DC521B81C2620730006E507 /* EmployeeObject.m */,
				9D48C3D71C21E219002F9036 /* DataTier.m */,
				8F92C1BF1C2B399F0091BF99 /* DataTier.h */,
				8F4BCF891C21D503002674D1 /* ViewController.h */,
				8F4BCF8A1C21D503002674D1 /* ViewController.m */,
				9D1ABE011C276074009F0013 /* DepartmentViewController.h */,
				9D1ABE021C276074009F0013 /* DepartmentViewController.m */,
				9D1ABE0A1C27C098009F0013 /* NameAndDepartmentViewController.h */,
				9D1ABE0B1C27C098009F0013 /* NameAndDepartmentViewController.m */,
				9D1ABE071C27B215009F0013 /* NameViewController.h */,
				9D1ABE081C27B215009F0013 /* NameViewController.m */,
				9D1ABE041C276B2A009F0013 /* UIView+FormScroll.h */,
				9D1ABE051C276B2A009F0013 /* UIView+FormScroll.m */,
				9DC521A91C250BFC0006E507 /* EmployeesTableViewController.h */,
				9DC521AA1C250BFC0006E507 /* EmployeesTableViewController.m */,
				9DA07C401C2700AE0045B1ED /* EmployeeTableViewController.h */,
				9DA07C411C2700AE0045B1ED /* EmployeeTableViewController.m */,
				9D1ABE0D1C27C92F009F0013 /* SalaryViewController.h */,
				8F92C1DB1C2E5A260091BF99 /* DoubleTextFieldViewController.h */,
				8F92C1DC1C2E5A260091BF99 /* DoubleTextFieldViewController.m */,
				8F92C1DD1C2E5A260091BF99 /* PositionAndDepartmentResultsViewController.h */,
				8F92C1DE1C2E5A260091BF99 /* PositionAndDepartmentResultsViewController.m */,
				8F92C1DF1C2E5A260091BF99 /* PositionViewController.h */,
				8F92C1E01C2E5A260091BF99 /* PositionViewController.m */,
				8F92C1E11C2E5A260091BF99 /* PrevNextSearchToolbarView.h */,
				8F92C1E21C2E5A260091BF99 /* PrevNextSearchToolbarView.m */,
				8F92C1E31C2E5A260091BF99 /* SingleTextFieldViewController.h */,
				8F92C1E41C2E5A260091BF99 /* SingleTextFieldViewController.m */,
				9D1ABE0E1C27C92F009F0013 /* SalaryViewController.m */,
				8F92C1F01C2F1A9B0091BF99 /* SalaryAndDepartmentViewController.h */,
				8F92C1F11C2F1A9B0091BF99 /* SalaryAndDepartmentViewController.m */,
				8F92C1F21C2F1A9B0091BF99 /* SalaryAndPositionViewController.h */,
				8F92C1F31C2F1A9B0091BF99 /* SalaryAndPositionViewController.m */,
				8F92C1F41C2F1A9B0091BF99 /* TripleTextFieldViewController.h */,
				8F92C1F51C2F1A9B0091BF99 /* TripleTextFieldViewController.m */,
				8F4BCF8C1C21D503002674D1 /* Main.storyboard */,
				8F4BCF8F1C21D503002674D1 /* Assets.xcassets */,
				8F4BCF911C21D503002674D1 /* LaunchScreen.storyboard */,
				8F4BCF941C21D503002674D1 /* Info.plist */,
				8F4BCF831C21D503002674D1 /* Supporting Files */,
			);
			path = ChicagoEmployeeSalaries;
			sourceTree = "<group>";
		};
		8F4BCF831C21D503002674D1 /* Supporting Files */ = {
			isa = PBXGroup;
			children = (
				9D9009F61C35AD3F005C9806 /* chicago_employee_salaries_2015_db.sql */,
				9D9009E81C343060005C9806 /* app_image_old@2x.png */,
				9D9009E91C343060005C9806 /* app_image_settings@2x.png */,
				9D9009EA1C343060005C9806 /* app_image_settings@3x.png */,
				9D9009EB1C343060005C9806 /* app_image_spotlight@2x.png */,
				9D9009EC1C343060005C9806 /* app_image_spotlight@3x.png */,
				8F92C1D41C2B3AB20091BF99 /* app_image@3x.png */,
				8F92C1581C29CAF20091BF99 /* star.png */,
				8F92C14C1C29CAE40091BF99 /* dollar_circle_1.png */,
				8F92C14D1C29CAE40091BF99 /* dollar_circle_2.png */,
				8F92C14E1C29CAE40091BF99 /* dollar_circle_3.png */,
				8F92C14F1C29CAE40091BF99 /* dollar_circle_4.png */,
				8F92C13B1C29CACC0091BF99 /* app_image.png */,
				8F92C13D1C29CACC0091BF99 /* app_image@2x.png */,
				9DC521AF1C25FD350006E507 /* back_large.png */,
				9DC521B01C25FD350006E507 /* back_small.png */,
				9DC521B11C25FD350006E507 /* next_large.png */,
				9DC521B21C25FD350006E507 /* next_small.png */,
				8F4BCF841C21D503002674D1 /* main.m */,
			);
			name = "Supporting Files";
			sourceTree = "<group>";
		};
		8F4BCF9C1C21D503002674D1 /* ChicagoEmployeeSalariesTests */ = {
			isa = PBXGroup;
			children = (
				8FA071971C3070A70013EAA1 /* GetDepartmentsTests.m */,
				8FA071981C3070A70013EAA1 /* SeachByNameTests.m */,
				8FA071991C3070A70013EAA1 /* SearchByDepartmentTests.m */,
				8FA0719A1C3070A70013EAA1 /* SearchByPositionTests.m */,
				8FA0719B1C3070A70013EAA1 /* SearchBySalaryTests.m */,
				8F4BCF9F1C21D503002674D1 /* Info.plist */,
			);
			path = ChicagoEmployeeSalariesTests;
			sourceTree = "<group>";
		};
		8F4BCFA71C21D503002674D1 /* ChicagoEmployeeSalariesUITests */ = {
			isa = PBXGroup;
			children = (
				8F92C2041C2F25CA0091BF99 /* ChicagoEmployeeSalariesUITests.m */,
				8F92C2051C2F25CA0091BF99 /* SearchByDepartmentUITests.m */,
				8F92C2061C2F25CA0091BF99 /* SearchByNameUITests.m */,
				8F92C2071C2F25CA0091BF99 /* SearchBySalaryUITests.m */,
				8F4BCFAA1C21D503002674D1 /* Info.plist */,
			);
			path = ChicagoEmployeeSalariesUITests;
			sourceTree = "<group>";
		};
		8FA071E01C32144E0013EAA1 /* GoogleAnalytics */ = {
			isa = PBXGroup;
			children = (
				8FA071E11C32144E0013EAA1 /* Headers */,
				8FA071ED1C32144E0013EAA1 /* Libraries */,
			);
			name = GoogleAnalytics;
			path = Pods/GoogleAnalytics;
			sourceTree = "<group>";
		};
		8FA071E11C32144E0013EAA1 /* Headers */ = {
			isa = PBXGroup;
			children = (
				8FA071E21C32144E0013EAA1 /* Public */,
			);
			path = Headers;
			sourceTree = "<group>";
		};
		8FA071E21C32144E0013EAA1 /* Public */ = {
			isa = PBXGroup;
			children = (
				8FA071E31C32144E0013EAA1 /* GAI.h */,
				8FA071E41C32144E0013EAA1 /* GAIDictionaryBuilder.h */,
				8FA071E51C32144E0013EAA1 /* GAIEcommerceFields.h */,
				8FA071E61C32144E0013EAA1 /* GAIEcommerceProduct.h */,
				8FA071E71C32144E0013EAA1 /* GAIEcommerceProductAction.h */,
				8FA071E81C32144E0013EAA1 /* GAIEcommercePromotion.h */,
				8FA071E91C32144E0013EAA1 /* GAIFields.h */,
				8FA071EA1C32144E0013EAA1 /* GAILogger.h */,
				8FA071EB1C32144E0013EAA1 /* GAITrackedViewController.h */,
				8FA071EC1C32144E0013EAA1 /* GAITracker.h */,
			);
			path = Public;
			sourceTree = "<group>";
		};
		8FA071ED1C32144E0013EAA1 /* Libraries */ = {
			isa = PBXGroup;
			children = (
				8FA071EE1C32144E0013EAA1 /* libGoogleAnalytics.a */,
			);
			path = Libraries;
			sourceTree = "<group>";
		};
		8FA071F01C32144E0013EAA1 /* Products */ = {
			isa = PBXGroup;
			children = (
				8FA071FB1C32144E0013EAA1 /* libPods-ChicagoEmployeeSalaries.a */,
			);
			name = Products;
			sourceTree = "<group>";
		};
		8FA071F21C32144E0013EAA1 /* Target Support Files */ = {
			isa = PBXGroup;
			children = (
				8FA071F31C32144E0013EAA1 /* Pods-ChicagoEmployeeSalaries */,
			);
			name = "Target Support Files";
			path = "Pods/Target Support Files";
			sourceTree = "<group>";
		};
		8FA071F31C32144E0013EAA1 /* Pods-ChicagoEmployeeSalaries */ = {
			isa = PBXGroup;
			children = (
				8FA071F41C32144E0013EAA1 /* Pods-ChicagoEmployeeSalaries.debug.xcconfig */,
				8FA071F51C32144E0013EAA1 /* Pods-ChicagoEmployeeSalaries.release.xcconfig */,
			);
			path = "Pods-ChicagoEmployeeSalaries";
			sourceTree = "<group>";
		};
		D975E14BAD651ACE7045DB8D /* Frameworks */ = {
			isa = PBXGroup;
			children = (
				9DE843461C3103AE001FC6DD /* libz.tbd */,
				9DE843441C310393001FC6DD /* SystemConfiguration.framework */,
				9DE843421C310371001FC6DD /* CoreData.framework */,
				499D52E3478E544B198904E8 /* libPods-ChicagoEmployeeSalaries.a */,
			);
			name = Frameworks;
			sourceTree = "<group>";
		};
/* End PBXGroup section */

/* Begin PBXNativeTarget section */
		8F4BCF7F1C21D503002674D1 /* ChicagoEmployeeSalaries */ = {
			isa = PBXNativeTarget;
			buildConfigurationList = 8F4BCFAD1C21D503002674D1 /* Build configuration list for PBXNativeTarget "ChicagoEmployeeSalaries" */;
			buildPhases = (
				273D59BDF674F480EA86417E /* Check Pods Manifest.lock */,
				8F4BCF7C1C21D503002674D1 /* Sources */,
				8F4BCF7D1C21D503002674D1 /* Frameworks */,
				8F4BCF7E1C21D503002674D1 /* Resources */,
				9D9EBD991F800751C8ABF5FB /* Embed Pods Frameworks */,
				AA3C88C40DD59C0899A02752 /* Copy Pods Resources */,
			);
			buildRules = (
			);
			dependencies = (
			);
			name = ChicagoEmployeeSalaries;
			productName = ChicagoEmployeeSalaries;
			productReference = 8F4BCF801C21D503002674D1 /* ChicagoEmployeeSalaries.app */;
			productType = "com.apple.product-type.application";
		};
		8F4BCF981C21D503002674D1 /* ChicagoEmployeeSalariesTests */ = {
			isa = PBXNativeTarget;
			buildConfigurationList = 8F4BCFB01C21D503002674D1 /* Build configuration list for PBXNativeTarget "ChicagoEmployeeSalariesTests" */;
			buildPhases = (
				8F4BCF951C21D503002674D1 /* Sources */,
				8F4BCF961C21D503002674D1 /* Frameworks */,
				8F4BCF971C21D503002674D1 /* Resources */,
			);
			buildRules = (
			);
			dependencies = (
				8F4BCF9B1C21D503002674D1 /* PBXTargetDependency */,
			);
			name = ChicagoEmployeeSalariesTests;
			productName = ChicagoEmployeeSalariesTests;
			productReference = 8F4BCF991C21D503002674D1 /* ChicagoEmployeeSalariesTests.xctest */;
			productType = "com.apple.product-type.bundle.unit-test";
		};
		8F4BCFA31C21D503002674D1 /* ChicagoEmployeeSalariesUITests */ = {
			isa = PBXNativeTarget;
			buildConfigurationList = 8F4BCFB31C21D503002674D1 /* Build configuration list for PBXNativeTarget "ChicagoEmployeeSalariesUITests" */;
			buildPhases = (
				8F4BCFA01C21D503002674D1 /* Sources */,
				8F4BCFA11C21D503002674D1 /* Frameworks */,
				8F4BCFA21C21D503002674D1 /* Resources */,
			);
			buildRules = (
			);
			dependencies = (
				8F4BCFA61C21D503002674D1 /* PBXTargetDependency */,
			);
			name = ChicagoEmployeeSalariesUITests;
			productName = ChicagoEmployeeSalariesUITests;
			productReference = 8F4BCFA41C21D503002674D1 /* ChicagoEmployeeSalariesUITests.xctest */;
			productType = "com.apple.product-type.bundle.ui-testing";
		};
/* End PBXNativeTarget section */

/* Begin PBXProject section */
		8F4BCF781C21D503002674D1 /* Project object */ = {
			isa = PBXProject;
			attributes = {
				LastUpgradeCheck = 0720;
				ORGANIZATIONNAME = "Oliver San Juan";
				TargetAttributes = {
					8F4BCF7F1C21D503002674D1 = {
						CreatedOnToolsVersion = 7.2;
						DevelopmentTeam = 888G4L3PSY;
					};
					8F4BCF981C21D503002674D1 = {
						CreatedOnToolsVersion = 7.2;
						DevelopmentTeam = 8BKCJS4473;
						TestTargetID = 8F4BCF7F1C21D503002674D1;
					};
					8F4BCFA31C21D503002674D1 = {
						CreatedOnToolsVersion = 7.2;
						DevelopmentTeam = 8BKCJS4473;
						TestTargetID = 8F4BCF7F1C21D503002674D1;
					};
				};
			};
			buildConfigurationList = 8F4BCF7B1C21D503002674D1 /* Build configuration list for PBXProject "ChicagoEmployeeSalaries" */;
			compatibilityVersion = "Xcode 3.2";
			developmentRegion = English;
			hasScannedForEncodings = 0;
			knownRegions = (
				en,
				Base,
			);
			mainGroup = 8F4BCF771C21D503002674D1;
			productRefGroup = 8F4BCF811C21D503002674D1 /* Products */;
			projectDirPath = "";
			projectReferences = (
				{
					ProductGroup = 8FA071F01C32144E0013EAA1 /* Products */;
					ProjectRef = 8FA071EF1C32144E0013EAA1 /* Pods.xcodeproj */;
				},
			);
			projectRoot = "";
			targets = (
				8F4BCF7F1C21D503002674D1 /* ChicagoEmployeeSalaries */,
				8F4BCF981C21D503002674D1 /* ChicagoEmployeeSalariesTests */,
				8F4BCFA31C21D503002674D1 /* ChicagoEmployeeSalariesUITests */,
			);
		};
/* End PBXProject section */

/* Begin PBXReferenceProxy section */
		8FA071FB1C32144E0013EAA1 /* libPods-ChicagoEmployeeSalaries.a */ = {
			isa = PBXReferenceProxy;
			fileType = archive.ar;
			path = "libPods-ChicagoEmployeeSalaries.a";
			remoteRef = 8FA071FA1C32144E0013EAA1 /* PBXContainerItemProxy */;
			sourceTree = BUILT_PRODUCTS_DIR;
		};
/* End PBXReferenceProxy section */

/* Begin PBXResourcesBuildPhase section */
		8F4BCF7E1C21D503002674D1 /* Resources */ = {
			isa = PBXResourcesBuildPhase;
			buildActionMask = 2147483647;
			files = (
				9DC521B51C25FD350006E507 /* next_large.png in Resources */,
				9D9009F11C343060005C9806 /* app_image_spotlight@3x.png in Resources */,
				8F92C1541C29CAE40091BF99 /* dollar_circle_4.png in Resources */,
				8F92C15B1C29CAF20091BF99 /* star.png in Resources */,
				9DC521B31C25FD350006E507 /* back_large.png in Resources */,
				9D9009ED1C343060005C9806 /* app_image_old@2x.png in Resources */,
				8F92C1521C29CAE40091BF99 /* dollar_circle_2.png in Resources */,
				8F4BCF931C21D503002674D1 /* LaunchScreen.storyboard in Resources */,
				9DC521B61C25FD350006E507 /* next_small.png in Resources */,
				8F92C1511C29CAE40091BF99 /* dollar_circle_1.png in Resources */,
				9D9009F71C35AD3F005C9806 /* chicago_employee_salaries_2015_db.sql in Resources */,
				9D9009EF1C343060005C9806 /* app_image_settings@3x.png in Resources */,
				8F4BCF901C21D503002674D1 /* Assets.xcassets in Resources */,
				8F92C13F1C29CACC0091BF99 /* app_image.png in Resources */,
				8F92C1531C29CAE40091BF99 /* dollar_circle_3.png in Resources */,
				9D9009EE1C343060005C9806 /* app_image_settings@2x.png in Resources */,
				8F4BCF8E1C21D503002674D1 /* Main.storyboard in Resources */,
				8F92C1411C29CACC0091BF99 /* app_image@2x.png in Resources */,
				9D9009F01C343060005C9806 /* app_image_spotlight@2x.png in Resources */,
				9DC521B41C25FD350006E507 /* back_small.png in Resources */,
				8FA071FD1C3214A80013EAA1 /* Podfile in Resources */,
				9DE8434B1C31093F001FC6DD /* GoogleService-Info.plist in Resources */,
				8F92C1D51C2B3AB20091BF99 /* app_image@3x.png in Resources */,
			);
			runOnlyForDeploymentPostprocessing = 0;
		};
		8F4BCF971C21D503002674D1 /* Resources */ = {
			isa = PBXResourcesBuildPhase;
			buildActionMask = 2147483647;
			files = (
			);
			runOnlyForDeploymentPostprocessing = 0;
		};
		8F4BCFA21C21D503002674D1 /* Resources */ = {
			isa = PBXResourcesBuildPhase;
			buildActionMask = 2147483647;
			files = (
			);
			runOnlyForDeploymentPostprocessing = 0;
		};
/* End PBXResourcesBuildPhase section */

/* Begin PBXShellScriptBuildPhase section */
		273D59BDF674F480EA86417E /* Check Pods Manifest.lock */ = {
			isa = PBXShellScriptBuildPhase;
			buildActionMask = 2147483647;
			files = (
			);
			inputPaths = (
			);
			name = "Check Pods Manifest.lock";
			outputPaths = (
			);
			runOnlyForDeploymentPostprocessing = 0;
			shellPath = /bin/sh;
			shellScript = "diff \"${PODS_ROOT}/../Podfile.lock\" \"${PODS_ROOT}/Manifest.lock\" > /dev/null\nif [[ $? != 0 ]] ; then\n    cat << EOM\nerror: The sandbox is not in sync with the Podfile.lock. Run 'pod install' or update your CocoaPods installation.\nEOM\n    exit 1\nfi\n";
			showEnvVarsInLog = 0;
		};
		9D9EBD991F800751C8ABF5FB /* Embed Pods Frameworks */ = {
			isa = PBXShellScriptBuildPhase;
			buildActionMask = 2147483647;
			files = (
			);
			inputPaths = (
			);
			name = "Embed Pods Frameworks";
			outputPaths = (
			);
			runOnlyForDeploymentPostprocessing = 0;
			shellPath = /bin/sh;
			shellScript = "\"${SRCROOT}/Pods/Target Support Files/Pods-ChicagoEmployeeSalaries/Pods-ChicagoEmployeeSalaries-frameworks.sh\"\n";
			showEnvVarsInLog = 0;
		};
		AA3C88C40DD59C0899A02752 /* Copy Pods Resources */ = {
			isa = PBXShellScriptBuildPhase;
			buildActionMask = 2147483647;
			files = (
			);
			inputPaths = (
			);
			name = "Copy Pods Resources";
			outputPaths = (
			);
			runOnlyForDeploymentPostprocessing = 0;
			shellPath = /bin/sh;
			shellScript = "\"${SRCROOT}/Pods/Target Support Files/Pods-ChicagoEmployeeSalaries/Pods-ChicagoEmployeeSalaries-resources.sh\"\n";
			showEnvVarsInLog = 0;
		};
/* End PBXShellScriptBuildPhase section */

/* Begin PBXSourcesBuildPhase section */
		8F4BCF7C1C21D503002674D1 /* Sources */ = {
			isa = PBXSourcesBuildPhase;
			buildActionMask = 2147483647;
			files = (
				9DC521AB1C250BFC0006E507 /* EmployeesTableViewController.m in Sources */,
				8F92C1EB1C2E5A260091BF99 /* PrevNextSearchToolbarView.m in Sources */,
				9D1ABE031C276074009F0013 /* DepartmentViewController.m in Sources */,
				9D1ABE0F1C27C92F009F0013 /* SalaryViewController.m in Sources */,
				8F92C1EC1C2E5A260091BF99 /* SingleTextFieldViewController.m in Sources */,
				8F92C1FA1C2F1A9B0091BF99 /* SalaryAndPositionViewController.m in Sources */,
				8F4BCF8B1C21D503002674D1 /* ViewController.m in Sources */,
				9D9009F51C3431B8005C9806 /* GoogleAnalytics.m in Sources */,
				8F92C1F91C2F1A9B0091BF99 /* SalaryAndDepartmentViewController.m in Sources */,
				8F4BCFB81C21DF81002674D1 /* BusinessTier.m in Sources */,
				8F4BCF881C21D503002674D1 /* AppDelegate.m in Sources */,
				9D48C3D81C21E219002F9036 /* DataTier.m in Sources */,
				8F92C1EA1C2E5A260091BF99 /* PositionViewController.m in Sources */,
				9D1ABE091C27B215009F0013 /* NameViewController.m in Sources */,
				8F4BCF851C21D503002674D1 /* main.m in Sources */,
				8F92C1E81C2E5A260091BF99 /* DoubleTextFieldViewController.m in Sources */,
				9DC521B91C2620730006E507 /* EmployeeObject.m in Sources */,
				9D1ABE0C1C27C098009F0013 /* NameAndDepartmentViewController.m in Sources */,
				9DA07C421C2700AE0045B1ED /* EmployeeTableViewController.m in Sources */,
				8F92C1FB1C2F1A9B0091BF99 /* TripleTextFieldViewController.m in Sources */,
				8F92C1E91C2E5A260091BF99 /* PositionAndDepartmentResultsViewController.m in Sources */,
				9D1ABE061C276B2A009F0013 /* UIView+FormScroll.m in Sources */,
			);
			runOnlyForDeploymentPostprocessing = 0;
		};
		8F4BCF951C21D503002674D1 /* Sources */ = {
			isa = PBXSourcesBuildPhase;
			buildActionMask = 2147483647;
			files = (
				8FA0719E1C3070A70013EAA1 /* SearchByDepartmentTests.m in Sources */,
				8FA0719C1C3070A70013EAA1 /* GetDepartmentsTests.m in Sources */,
				8FA0719D1C3070A70013EAA1 /* SeachByNameTests.m in Sources */,
				8FA071A01C3070A70013EAA1 /* SearchBySalaryTests.m in Sources */,
				8FA0719F1C3070A70013EAA1 /* SearchByPositionTests.m in Sources */,
			);
			runOnlyForDeploymentPostprocessing = 0;
		};
		8F4BCFA01C21D503002674D1 /* Sources */ = {
			isa = PBXSourcesBuildPhase;
			buildActionMask = 2147483647;
			files = (
				8F92C20B1C2F25CA0091BF99 /* SearchBySalaryUITests.m in Sources */,
				8F92C2091C2F25CA0091BF99 /* SearchByDepartmentUITests.m in Sources */,
				8F92C2081C2F25CA0091BF99 /* ChicagoEmployeeSalariesUITests.m in Sources */,
				8F92C20A1C2F25CA0091BF99 /* SearchByNameUITests.m in Sources */,
			);
			runOnlyForDeploymentPostprocessing = 0;
		};
/* End PBXSourcesBuildPhase section */

/* Begin PBXTargetDependency section */
		8F4BCF9B1C21D503002674D1 /* PBXTargetDependency */ = {
			isa = PBXTargetDependency;
			target = 8F4BCF7F1C21D503002674D1 /* ChicagoEmployeeSalaries */;
			targetProxy = 8F4BCF9A1C21D503002674D1 /* PBXContainerItemProxy */;
		};
		8F4BCFA61C21D503002674D1 /* PBXTargetDependency */ = {
			isa = PBXTargetDependency;
			target = 8F4BCF7F1C21D503002674D1 /* ChicagoEmployeeSalaries */;
			targetProxy = 8F4BCFA51C21D503002674D1 /* PBXContainerItemProxy */;
		};
/* End PBXTargetDependency section */

/* Begin PBXVariantGroup section */
		8F4BCF8C1C21D503002674D1 /* Main.storyboard */ = {
			isa = PBXVariantGroup;
			children = (
				8F4BCF8D1C21D503002674D1 /* Base */,
			);
			name = Main.storyboard;
			sourceTree = "<group>";
		};
		8F4BCF911C21D503002674D1 /* LaunchScreen.storyboard */ = {
			isa = PBXVariantGroup;
			children = (
				8F4BCF921C21D503002674D1 /* Base */,
			);
			name = LaunchScreen.storyboard;
			sourceTree = "<group>";
		};
/* End PBXVariantGroup section */

/* Begin XCBuildConfiguration section */
		8F4BCFAB1C21D503002674D1 /* Debug */ = {
			isa = XCBuildConfiguration;
			buildSettings = {
				ALWAYS_SEARCH_USER_PATHS = NO;
				CLANG_CXX_LANGUAGE_STANDARD = "gnu++0x";
				CLANG_CXX_LIBRARY = "libc++";
				CLANG_ENABLE_MODULES = YES;
				CLANG_ENABLE_OBJC_ARC = YES;
				CLANG_WARN_BOOL_CONVERSION = YES;
				CLANG_WARN_CONSTANT_CONVERSION = YES;
				CLANG_WARN_DIRECT_OBJC_ISA_USAGE = YES_ERROR;
				CLANG_WARN_EMPTY_BODY = YES;
				CLANG_WARN_ENUM_CONVERSION = YES;
				CLANG_WARN_INT_CONVERSION = YES;
				CLANG_WARN_OBJC_ROOT_CLASS = YES_ERROR;
				CLANG_WARN_UNREACHABLE_CODE = YES;
				CLANG_WARN__DUPLICATE_METHOD_MATCH = YES;
				"CODE_SIGN_IDENTITY[sdk=iphoneos*]" = "iPhone Developer";
				COPY_PHASE_STRIP = NO;
				DEBUG_INFORMATION_FORMAT = dwarf;
				ENABLE_STRICT_OBJC_MSGSEND = YES;
				ENABLE_TESTABILITY = YES;
				GCC_C_LANGUAGE_STANDARD = gnu99;
				GCC_DYNAMIC_NO_PIC = NO;
				GCC_NO_COMMON_BLOCKS = YES;
				GCC_OPTIMIZATION_LEVEL = 0;
				GCC_PREPROCESSOR_DEFINITIONS = (
					"DEBUG=1",
					"$(inherited)",
				);
				GCC_WARN_64_TO_32_BIT_CONVERSION = YES;
				GCC_WARN_ABOUT_RETURN_TYPE = YES_ERROR;
				GCC_WARN_UNDECLARED_SELECTOR = YES;
				GCC_WARN_UNINITIALIZED_AUTOS = YES_AGGRESSIVE;
				GCC_WARN_UNUSED_FUNCTION = YES;
				GCC_WARN_UNUSED_VARIABLE = YES;
				IPHONEOS_DEPLOYMENT_TARGET = 9.2;
				MTL_ENABLE_DEBUG_INFO = YES;
				ONLY_ACTIVE_ARCH = YES;
				SDKROOT = iphoneos;
			};
			name = Debug;
		};
		8F4BCFAC1C21D503002674D1 /* Release */ = {
			isa = XCBuildConfiguration;
			buildSettings = {
				ALWAYS_SEARCH_USER_PATHS = NO;
				CLANG_CXX_LANGUAGE_STANDARD = "gnu++0x";
				CLANG_CXX_LIBRARY = "libc++";
				CLANG_ENABLE_MODULES = YES;
				CLANG_ENABLE_OBJC_ARC = YES;
				CLANG_WARN_BOOL_CONVERSION = YES;
				CLANG_WARN_CONSTANT_CONVERSION = YES;
				CLANG_WARN_DIRECT_OBJC_ISA_USAGE = YES_ERROR;
				CLANG_WARN_EMPTY_BODY = YES;
				CLANG_WARN_ENUM_CONVERSION = YES;
				CLANG_WARN_INT_CONVERSION = YES;
				CLANG_WARN_OBJC_ROOT_CLASS = YES_ERROR;
				CLANG_WARN_UNREACHABLE_CODE = YES;
				CLANG_WARN__DUPLICATE_METHOD_MATCH = YES;
				CODE_SIGN_IDENTITY = "iPhone Distribution";
				"CODE_SIGN_IDENTITY[sdk=iphoneos*]" = "iPhone Distribution";
				COPY_PHASE_STRIP = NO;
				DEBUG_INFORMATION_FORMAT = "dwarf-with-dsym";
				ENABLE_NS_ASSERTIONS = NO;
				ENABLE_STRICT_OBJC_MSGSEND = YES;
				GCC_C_LANGUAGE_STANDARD = gnu99;
				GCC_NO_COMMON_BLOCKS = YES;
				GCC_WARN_64_TO_32_BIT_CONVERSION = YES;
				GCC_WARN_ABOUT_RETURN_TYPE = YES_ERROR;
				GCC_WARN_UNDECLARED_SELECTOR = YES;
				GCC_WARN_UNINITIALIZED_AUTOS = YES_AGGRESSIVE;
				GCC_WARN_UNUSED_FUNCTION = YES;
				GCC_WARN_UNUSED_VARIABLE = YES;
				IPHONEOS_DEPLOYMENT_TARGET = 9.2;
				MTL_ENABLE_DEBUG_INFO = NO;
				SDKROOT = iphoneos;
				VALIDATE_PRODUCT = YES;
			};
			name = Release;
		};
		8F4BCFAE1C21D503002674D1 /* Debug */ = {
			isa = XCBuildConfiguration;
			baseConfigurationReference = E766C22F12EBAB2F1C01F3EB /* Pods-ChicagoEmployeeSalaries.debug.xcconfig */;
			buildSettings = {
				ASSETCATALOG_COMPILER_APPICON_NAME = AppIcon;
				CODE_SIGN_IDENTITY = "iPhone Developer: Bradley Golden (C97X78NAVW)";
				"CODE_SIGN_IDENTITY[sdk=iphoneos*]" = "iPhone Developer";
				INFOPLIST_FILE = ChicagoEmployeeSalaries/Info.plist;
				LD_RUNPATH_SEARCH_PATHS = "$(inherited) @executable_path/Frameworks";
				LIBRARY_SEARCH_PATHS = (
					"$(inherited)",
					"$(PROJECT_DIR)/Pods/GoogleAnalytics/Libraries",
				);
				PRODUCT_BUNDLE_IDENTIFIER = com.chisalaryapp;
				PRODUCT_NAME = "$(TARGET_NAME)";
				PROVISIONING_PROFILE = "";
			};
			name = Debug;
		};
		8F4BCFAF1C21D503002674D1 /* Release */ = {
			isa = XCBuildConfiguration;
			baseConfigurationReference = 1386F43DB425DCCB6748C4D6 /* Pods-ChicagoEmployeeSalaries.release.xcconfig */;
			buildSettings = {
				ASSETCATALOG_COMPILER_APPICON_NAME = AppIcon;
				CODE_SIGN_IDENTITY = "iPhone Developer: Bradley Golden (C97X78NAVW)";
				"CODE_SIGN_IDENTITY[sdk=iphoneos*]" = "iPhone Distribution";
				INFOPLIST_FILE = ChicagoEmployeeSalaries/Info.plist;
				LD_RUNPATH_SEARCH_PATHS = "$(inherited) @executable_path/Frameworks";
				LIBRARY_SEARCH_PATHS = (
					"$(inherited)",
					"$(PROJECT_DIR)/Pods/GoogleAnalytics/Libraries",
				);
				PRODUCT_BUNDLE_IDENTIFIER = com.chisalaryapp;
				PRODUCT_NAME = "$(TARGET_NAME)";
				PROVISIONING_PROFILE = "";
			};
			name = Release;
		};
		8F4BCFB11C21D503002674D1 /* Debug */ = {
			isa = XCBuildConfiguration;
			buildSettings = {
				BUNDLE_LOADER = "$(TEST_HOST)";
				INFOPLIST_FILE = ChicagoEmployeeSalariesTests/Info.plist;
				LD_RUNPATH_SEARCH_PATHS = "$(inherited) @executable_path/Frameworks @loader_path/Frameworks";
				PRODUCT_BUNDLE_IDENTIFIER = com.OliverSanJuan.ChicagoEmployeeSalariesTests;
				PRODUCT_NAME = "$(TARGET_NAME)";
				TEST_HOST = "$(BUILT_PRODUCTS_DIR)/ChicagoEmployeeSalaries.app/ChicagoEmployeeSalaries";
			};
			name = Debug;
		};
		8F4BCFB21C21D503002674D1 /* Release */ = {
			isa = XCBuildConfiguration;
			buildSettings = {
				BUNDLE_LOADER = "$(TEST_HOST)";
				INFOPLIST_FILE = ChicagoEmployeeSalariesTests/Info.plist;
				LD_RUNPATH_SEARCH_PATHS = "$(inherited) @executable_path/Frameworks @loader_path/Frameworks";
				PRODUCT_BUNDLE_IDENTIFIER = com.OliverSanJuan.ChicagoEmployeeSalariesTests;
				PRODUCT_NAME = "$(TARGET_NAME)";
				TEST_HOST = "$(BUILT_PRODUCTS_DIR)/ChicagoEmployeeSalaries.app/ChicagoEmployeeSalaries";
			};
			name = Release;
		};
		8F4BCFB41C21D503002674D1 /* Debug */ = {
			isa = XCBuildConfiguration;
			buildSettings = {
				INFOPLIST_FILE = ChicagoEmployeeSalariesUITests/Info.plist;
				LD_RUNPATH_SEARCH_PATHS = "$(inherited) @executable_path/Frameworks @loader_path/Frameworks";
				PRODUCT_BUNDLE_IDENTIFIER = com.OliverSanJuan.ChicagoEmployeeSalariesUITests;
				PRODUCT_NAME = "$(TARGET_NAME)";
				TEST_TARGET_NAME = ChicagoEmployeeSalaries;
				USES_XCTRUNNER = YES;
			};
			name = Debug;
		};
		8F4BCFB51C21D503002674D1 /* Release */ = {
			isa = XCBuildConfiguration;
			buildSettings = {
				INFOPLIST_FILE = ChicagoEmployeeSalariesUITests/Info.plist;
				LD_RUNPATH_SEARCH_PATHS = "$(inherited) @executable_path/Frameworks @loader_path/Frameworks";
				PRODUCT_BUNDLE_IDENTIFIER = com.OliverSanJuan.ChicagoEmployeeSalariesUITests;
				PRODUCT_NAME = "$(TARGET_NAME)";
				TEST_TARGET_NAME = ChicagoEmployeeSalaries;
				USES_XCTRUNNER = YES;
			};
			name = Release;
		};
/* End XCBuildConfiguration section */

/* Begin XCConfigurationList section */
		8F4BCF7B1C21D503002674D1 /* Build configuration list for PBXProject "ChicagoEmployeeSalaries" */ = {
			isa = XCConfigurationList;
			buildConfigurations = (
				8F4BCFAB1C21D503002674D1 /* Debug */,
				8F4BCFAC1C21D503002674D1 /* Release */,
			);
			defaultConfigurationIsVisible = 0;
			defaultConfigurationName = Release;
		};
		8F4BCFAD1C21D503002674D1 /* Build configuration list for PBXNativeTarget "ChicagoEmployeeSalaries" */ = {
			isa = XCConfigurationList;
			buildConfigurations = (
				8F4BCFAE1C21D503002674D1 /* Debug */,
				8F4BCFAF1C21D503002674D1 /* Release */,
			);
			defaultConfigurationIsVisible = 0;
			defaultConfigurationName = Release;
		};
		8F4BCFB01C21D503002674D1 /* Build configuration list for PBXNativeTarget "ChicagoEmployeeSalariesTests" */ = {
			isa = XCConfigurationList;
			buildConfigurations = (
				8F4BCFB11C21D503002674D1 /* Debug */,
				8F4BCFB21C21D503002674D1 /* Release */,
			);
			defaultConfigurationIsVisible = 0;
			defaultConfigurationName = Release;
		};
		8F4BCFB31C21D503002674D1 /* Build configuration list for PBXNativeTarget "ChicagoEmployeeSalariesUITests" */ = {
			isa = XCConfigurationList;
			buildConfigurations = (
				8F4BCFB41C21D503002674D1 /* Debug */,
				8F4BCFB51C21D503002674D1 /* Release */,
			);
			defaultConfigurationIsVisible = 0;
			defaultConfigurationName = Release;
		};
/* End XCConfigurationList section */
	};
	rootObject = 8F4BCF781C21D503002674D1 /* Project object */;
}
